
Microsoft Visual Studio Solution File, Format Version 12.00
# Visual Studio 2013
VisualStudioVersion = 12.0.21005.1
MinimumVisualStudioVersion = 10.0.40219.1
Project("{8BC9CEB8-8B4A-11D0-8D11-00A0C91BC942}") = "Chat Room(MFC)", "Chat Room(MFC)\Chat Room(MFC).vcxproj", "{4D2BD442-F1F9-44B8-BB30-E4E5B07BB61E}"
EndProject
Project("{8BC9CEB8-8B4A-11D0-8D11-00A0C91BC942}") = "Chat Room(Server)", "Chat Room(Server)\Chat Room(Server).vcxproj", "{D2119520-B279-4B38-B232-F7FF5EA1F1CC}"
EndProject
Global
	GlobalSection(SolutionConfigurationPlatforms) = preSolution
		Debug|Win32 = Debug|Win32
		Release|Win32 = Release|Win32
	EndGlobalSection
	GlobalSection(ProjectConfigurationPlatforms) = postSolution
		{4D2BD442-F1F9-44B8-BB30-E4E5B07BB61E}.Debug|Win32.ActiveCfg = Debug|Win32
		{4D2BD442-F1F9-44B8-BB30-E4E5B07BB61E}.Debug|Win32.Build.0 = Debug|Win32
		{4D2BD442-F1F9-44B8-BB30-E4E5B07BB61E}.Release|Win32.ActiveCfg = Release|Win32
		{4D2BD442-F1F9-44B8-BB30-E4E5B07BB61E}.Release|Win32.Build.0 = Release|Win32
		{D2119520-B279-4B38-B232-F7FF5EA1F1CC}.Debug|Win32.ActiveCfg = Debug|Win32
		{D2119520-B279-4B38-B232-F7FF5EA1F1CC}.Debug|Win32.Build.0 = Debug|Win32
		{D2119520-B279-4B38-B232-F7FF5EA1F1CC}.Release|Win32.ActiveCfg = Release|Win32
		{D2119520-B279-4B38-B232-F7FF5EA1F1CC}.Release|Win32.Build.0 = Release|Win32
	EndGlobalSection
	GlobalSection(SolutionProperties) = preSolution
		HideSolutionNode = FALSE
	EndGlobalSection
EndGlobal
